
Microsoft Visual Studio Solution File, Format Version 12.00
# Visual Studio Version 17
VisualStudioVersion = 17.2.32616.157
MinimumVisualStudioVersion = 10.0.40219.1
Project("{FAE04EC0-301F-11D3-BF4B-00C04F79EFBC}") = "RESTApi2", "RESTApi2\RESTApi2.csproj", "{D4FC2B4F-139F-4104-98BB-DF43C917A912}"
EndProject
Global
	GlobalSection(SolutionConfigurationPlatforms) = preSolution
		Debug|Any CPU = Debug|Any CPU
		Release|Any CPU = Release|Any CPU
	EndGlobalSection
	GlobalSection(ProjectConfigurationPlatforms) = postSolution
		{D4FC2B4F-139F-4104-98BB-DF43C917A912}.Debug|Any CPU.ActiveCfg = Debug|Any CPU
		{D4FC2B4F-139F-4104-98BB-DF43C917A912}.Debug|Any CPU.Build.0 = Debug|Any CPU
		{D4FC2B4F-139F-4104-98BB-DF43C917A912}.Release|Any CPU.ActiveCfg = Release|Any CPU
		{D4FC2B4F-139F-4104-98BB-DF43C917A912}.Release|Any CPU.Build.0 = Release|Any CPU
	EndGlobalSection
	GlobalSection(SolutionProperties) = preSolution
		HideSolutionNode = FALSE
	EndGlobalSection
	GlobalSection(ExtensibilityGlobals) = postSolution
		SolutionGuid = {2E11E683-FCED-4F2C-B3D5-E94C9A0C395B}
	EndGlobalSection
EndGlobal
